
Microsoft Visual Studio Solution File, Format Version 12.00
# Visual Studio Version 17
VisualStudioVersion = 17.14.36915.13 d17.14
MinimumVisualStudioVersion = 10.0.40219.1
Project("{FAE04EC0-301F-11D3-BF4B-00C04F79EFBC}") = "JpgResizer", "JpgResizer\JpgResizer.csproj", "{9955D087-C0B2-4BC9-BCD2-57B24A50B84F}"
EndProject
Global
	GlobalSection(SolutionConfigurationPlatforms) = preSolution
		Debug|Any CPU = Debug|Any CPU
		Release|Any CPU = Release|Any CPU
	EndGlobalSection
	GlobalSection(ProjectConfigurationPlatforms) = postSolution
		{9955D087-C0B2-4BC9-BCD2-57B24A50B84F}.Debug|Any CPU.ActiveCfg = Debug|Any CPU
		{9955D087-C0B2-4BC9-BCD2-57B24A50B84F}.Debug|Any CPU.Build.0 = Debug|Any CPU
		{9955D087-C0B2-4BC9-BCD2-57B24A50B84F}.Release|Any CPU.ActiveCfg = Release|Any CPU
		{9955D087-C0B2-4BC9-BCD2-57B24A50B84F}.Release|Any CPU.Build.0 = Release|Any CPU
	EndGlobalSection
	GlobalSection(SolutionProperties) = preSolution
		HideSolutionNode = FALSE
	EndGlobalSection
	GlobalSection(ExtensibilityGlobals) = postSolution
		SolutionGuid = {D9B9B221-504B-4DD2-8D9B-69673BFDA3F5}
	EndGlobalSection
EndGlobal
